
Microsoft Visual Studio Solution File, Format Version 12.00
# Visual Studio 14
VisualStudioVersion = 14.0.25123.0
MinimumVisualStudioVersion = 10.0.40219.1
Project("{FAE04EC0-301F-11D3-BF4B-00C04F79EFBC}") = "ProdajaKarata", "ProdajaKarata\ProdajaKarata.csproj", "{D971579A-FFEA-4D87-B982-3051AC2D3E27}"
EndProject
Project("{FAE04EC0-301F-11D3-BF4B-00C04F79EFBC}") = "GeneriranjeIzvjesca", "GeneriranjeIzvjesca\GeneriranjeIzvjesca.csproj", "{446FD409-DAA7-445F-A169-7701BF25830D}"
EndProject
Project("{FAE04EC0-301F-11D3-BF4B-00C04F79EFBC}") = "GlavnaForma", "GlavnaForma\GlavnaForma.csproj", "{42C447F6-DA12-476D-8E31-6E3D313B24C4}"
EndProject
Project("{FAE04EC0-301F-11D3-BF4B-00C04F79EFBC}") = "Baza", "Baza\Baza.csproj", "{B53D13E6-2F8F-420B-99F9-A9A9CFC86B07}"
EndProject
Project("{FAE04EC0-301F-11D3-BF4B-00C04F79EFBC}") = "KreiranjeDogadaja", "KreiranjeDogadaja\KreiranjeDogadaja.csproj", "{26A4328B-E980-4B64-9B88-AC62A0C5D18F}"
EndProject
Project("{FAE04EC0-301F-11D3-BF4B-00C04F79EFBC}") = "NajamOpreme", "NajamOprme\NajamOpreme.csproj", "{92FE0752-68E1-47BC-A3D3-C14EA7719E80}"
EndProject
Project("{FAE04EC0-301F-11D3-BF4B-00C04F79EFBC}") = "EvidencijaSudionika", "EvidencijaSudionika\EvidencijaSudionika.csproj", "{42D40B3A-9862-4C22-9C6D-B582F47FA332}"
EndProject
Project("{FAE04EC0-301F-11D3-BF4B-00C04F79EFBC}") = "EvidencijaOrganizatora", "EvidencijaOrganizatora\EvidencijaOrganizatora.csproj", "{0D380934-B9A9-4FDA-A890-D12E18E2B9B8}"
EndProject
Global
	GlobalSection(SolutionConfigurationPlatforms) = preSolution
		Debug|Any CPU = Debug|Any CPU
		Release|Any CPU = Release|Any CPU
	EndGlobalSection
	GlobalSection(ProjectConfigurationPlatforms) = postSolution
		{D971579A-FFEA-4D87-B982-3051AC2D3E27}.Debug|Any CPU.ActiveCfg = Debug|Any CPU
		{D971579A-FFEA-4D87-B982-3051AC2D3E27}.Debug|Any CPU.Build.0 = Debug|Any CPU
		{D971579A-FFEA-4D87-B982-3051AC2D3E27}.Release|Any CPU.ActiveCfg = Release|Any CPU
		{D971579A-FFEA-4D87-B982-3051AC2D3E27}.Release|Any CPU.Build.0 = Release|Any CPU
		{446FD409-DAA7-445F-A169-7701BF25830D}.Debug|Any CPU.ActiveCfg = Debug|Any CPU
		{446FD409-DAA7-445F-A169-7701BF25830D}.Debug|Any CPU.Build.0 = Debug|Any CPU
		{446FD409-DAA7-445F-A169-7701BF25830D}.Release|Any CPU.ActiveCfg = Release|Any CPU
		{446FD409-DAA7-445F-A169-7701BF25830D}.Release|Any CPU.Build.0 = Release|Any CPU
		{42C447F6-DA12-476D-8E31-6E3D313B24C4}.Debug|Any CPU.ActiveCfg = Debug|Any CPU
		{42C447F6-DA12-476D-8E31-6E3D313B24C4}.Debug|Any CPU.Build.0 = Debug|Any CPU
		{42C447F6-DA12-476D-8E31-6E3D313B24C4}.Release|Any CPU.ActiveCfg = Release|Any CPU
		{42C447F6-DA12-476D-8E31-6E3D313B24C4}.Release|Any CPU.Build.0 = Release|Any CPU
		{B53D13E6-2F8F-420B-99F9-A9A9CFC86B07}.Debug|Any CPU.ActiveCfg = Debug|Any CPU
		{B53D13E6-2F8F-420B-99F9-A9A9CFC86B07}.Debug|Any CPU.Build.0 = Debug|Any CPU
		{B53D13E6-2F8F-420B-99F9-A9A9CFC86B07}.Release|Any CPU.ActiveCfg = Release|Any CPU
		{B53D13E6-2F8F-420B-99F9-A9A9CFC86B07}.Release|Any CPU.Build.0 = Release|Any CPU
		{26A4328B-E980-4B64-9B88-AC62A0C5D18F}.Debug|Any CPU.ActiveCfg = Debug|Any CPU
		{26A4328B-E980-4B64-9B88-AC62A0C5D18F}.Debug|Any CPU.Build.0 = Debug|Any CPU
		{26A4328B-E980-4B64-9B88-AC62A0C5D18F}.Release|Any CPU.ActiveCfg = Release|Any CPU
		{26A4328B-E980-4B64-9B88-AC62A0C5D18F}.Release|Any CPU.Build.0 = Release|Any CPU
		{92FE0752-68E1-47BC-A3D3-C14EA7719E80}.Debug|Any CPU.ActiveCfg = Debug|Any CPU
		{92FE0752-68E1-47BC-A3D3-C14EA7719E80}.Debug|Any CPU.Build.0 = Debug|Any CPU
		{92FE0752-68E1-47BC-A3D3-C14EA7719E80}.Release|Any CPU.ActiveCfg = Release|Any CPU
		{92FE0752-68E1-47BC-A3D3-C14EA7719E80}.Release|Any CPU.Build.0 = Release|Any CPU
		{42D40B3A-9862-4C22-9C6D-B582F47FA332}.Debug|Any CPU.ActiveCfg = Debug|Any CPU
		{42D40B3A-9862-4C22-9C6D-B582F47FA332}.Debug|Any CPU.Build.0 = Debug|Any CPU
		{42D40B3A-9862-4C22-9C6D-B582F47FA332}.Release|Any CPU.ActiveCfg = Release|Any CPU
		{42D40B3A-9862-4C22-9C6D-B582F47FA332}.Release|Any CPU.Build.0 = Release|Any CPU
		{0D380934-B9A9-4FDA-A890-D12E18E2B9B8}.Debug|Any CPU.ActiveCfg = Debug|Any CPU
		{0D380934-B9A9-4FDA-A890-D12E18E2B9B8}.Debug|Any CPU.Build.0 = Debug|Any CPU
		{0D380934-B9A9-4FDA-A890-D12E18E2B9B8}.Release|Any CPU.ActiveCfg = Release|Any CPU
		{0D380934-B9A9-4FDA-A890-D12E18E2B9B8}.Release|Any CPU.Build.0 = Release|Any CPU
	EndGlobalSection
	GlobalSection(SolutionProperties) = preSolution
		HideSolutionNode = FALSE
	EndGlobalSection
EndGlobal
